
Microsoft Visual Studio Solution File, Format Version 12.00
# Visual Studio Version 16
VisualStudioVersion = 16.0.31410.357
MinimumVisualStudioVersion = 10.0.40219.1
Project("{9A19103F-16F7-4668-BE54-9A1E7A4F7556}") = "BlazorTutorial", "BlazorTutorial\BlazorTutorial.csproj", "{B9A0133C-D920-4B20-82D9-70914C387D16}"
EndProject
Global
	GlobalSection(SolutionConfigurationPlatforms) = preSolution
		Debug|Any CPU = Debug|Any CPU
		Release|Any CPU = Release|Any CPU
	EndGlobalSection
	GlobalSection(ProjectConfigurationPlatforms) = postSolution
		{B9A0133C-D920-4B20-82D9-70914C387D16}.Debug|Any CPU.ActiveCfg = Debug|Any CPU
		{B9A0133C-D920-4B20-82D9-70914C387D16}.Debug|Any CPU.Build.0 = Debug|Any CPU
		{B9A0133C-D920-4B20-82D9-70914C387D16}.Release|Any CPU.ActiveCfg = Release|Any CPU
		{B9A0133C-D920-4B20-82D9-70914C387D16}.Release|Any CPU.Build.0 = Release|Any CPU
	EndGlobalSection
	GlobalSection(SolutionProperties) = preSolution
		HideSolutionNode = FALSE
	EndGlobalSection
	GlobalSection(ExtensibilityGlobals) = postSolution
		SolutionGuid = {E56DA313-AEE8-4A9C-971A-BD7F0500B527}
	EndGlobalSection
EndGlobal
